<Solution>
  <Project Path="nl.elmarjansen.geojsoncitybuilder.Editor.csproj" />
  <Project Path="Assembly-CSharp.csproj" />
  <Project Path="nl.elmarjansen.geojsoncitybuilder.Runtime.csproj" />
  <Project Path="Assembly-CSharp-Editor.csproj" />
  <Project Path="igaryhe.FirstPersonDrifter.Runtime.csproj" />
  <Project Path="Tests.csproj" />
</Solution>
